<?xml version="1.0" encoding="utf-8"?>
<Project ToolsVersion="4.0" xmlns="http://schemas.microsoft.com/developer/msbuild/2003">
  <ItemGroup>
    <Filter Include="Файлы исходного кода">
      <UniqueIdentifier>{4FC737F1-C7A5-4376-A066-2A32D752A2FF}</UniqueIdentifier>
      <Extensions>cpp;c;cc;cxx;def;odl;idl;hpj;bat;asm;asmx</Extensions>
    </Filter>
    <Filter Include="Заголовочные файлы">
      <UniqueIdentifier>{93995380-89BD-4b04-88EB-625FBE52EBFB}</UniqueIdentifier>
      <Extensions>h;hh;hpp;hxx;hm;inl;inc;xsd</Extensions>
    </Filter>
    <Filter Include="Файлы ресурсов">
      <UniqueIdentifier>{67DA6AB6-F800-4c08-8B7A-83BB121AAD01}</UniqueIdentifier>
      <Extensions>rc;ico;cur;bmp;dlg;rc2;rct;bin;rgs;gif;jpg;jpeg;jpe;resx;tiff;tif;png;wav;mfcribbon-ms</Extensions>
    </Filter>
    <Filter Include="Заголовочные файлы\bs">
      <UniqueIdentifier>{fe4c34e2-aba7-4762-9861-d6b9b8d654ec}</UniqueIdentifier>
    </Filter>
    <Filter Include="Заголовочные файлы\bs\python">
      <UniqueIdentifier>{30268e32-3b68-45a2-8dc6-19b322a7c679}</UniqueIdentifier>
    </Filter>
    <Filter Include="Заголовочные файлы\bs\compat">
      <UniqueIdentifier>{11c4f115-a182-4b2a-a093-cbe65425d736}</UniqueIdentifier>
    </Filter>
    <Filter Include="Заголовочные файлы\bs\compat\serialize">
      <UniqueIdentifier>{2840e1ec-9d7f-4fdf-998b-83d8ac1b3492}</UniqueIdentifier>
    </Filter>
    <Filter Include="Заголовочные файлы\bs\detail">
      <UniqueIdentifier>{b3c4814c-7b81-4be3-ae59-7bf4e0df2190}</UniqueIdentifier>
    </Filter>
    <Filter Include="Файлы исходного кода\compat">
      <UniqueIdentifier>{4b755a68-dcd6-4403-8ded-cd0e3aca3d5d}</UniqueIdentifier>
    </Filter>
    <Filter Include="Файлы исходного кода\python">
      <UniqueIdentifier>{6aab8e85-ee57-4f02-b6fa-f9f6c9777764}</UniqueIdentifier>
    </Filter>
  </ItemGroup>
  <ItemGroup>
    <ClInclude Include="kernel\include\bs\any_array.h">
      <Filter>Заголовочные файлы\bs</Filter>
    </ClInclude>
    <ClInclude Include="kernel\include\bs\assert.h">
      <Filter>Заголовочные файлы\bs</Filter>
    </ClInclude>
    <ClInclude Include="kernel\include\bs\bs.h">
      <Filter>Заголовочные файлы\bs</Filter>
    </ClInclude>
    <ClInclude Include="kernel\include\bs\common.h">
      <Filter>Заголовочные файлы\bs</Filter>
    </ClInclude>
    <ClInclude Include="kernel\include\bs\exception.h">
      <Filter>Заголовочные файлы\bs</Filter>
    </ClInclude>
    <ClInclude Include="kernel\include\bs\force_plugin_import.h">
      <Filter>Заголовочные файлы\bs</Filter>
    </ClInclude>
    <ClInclude Include="kernel\include\bs\fwd.h">
      <Filter>Заголовочные файлы\bs</Filter>
    </ClInclude>
    <ClInclude Include="kernel\include\bs\kernel.h">
      <Filter>Заголовочные файлы\bs</Filter>
    </ClInclude>
    <ClInclude Include="kernel\include\bs\kernel_tools.h">
      <Filter>Заголовочные файлы\bs</Filter>
    </ClInclude>
    <ClInclude Include="kernel\include\bs\link.h">
      <Filter>Заголовочные файлы\bs</Filter>
    </ClInclude>
    <ClInclude Include="kernel\include\bs\log.h">
      <Filter>Заголовочные файлы\bs</Filter>
    </ClInclude>
    <ClInclude Include="kernel\include\bs\misc.h">
      <Filter>Заголовочные файлы\bs</Filter>
    </ClInclude>
    <ClInclude Include="kernel\include\bs\node.h">
      <Filter>Заголовочные файлы\bs</Filter>
    </ClInclude>
    <ClInclude Include="kernel\include\bs\objbase.h">
      <Filter>Заголовочные файлы\bs</Filter>
    </ClInclude>
    <ClInclude Include="kernel\include\bs\objbase_macro.h">
      <Filter>Заголовочные файлы\bs</Filter>
    </ClInclude>
    <ClInclude Include="kernel\include\bs\plugin_descriptor.h">
      <Filter>Заголовочные файлы\bs</Filter>
    </ClInclude>
    <ClInclude Include="kernel\include\bs\setup_common_api.h">
      <Filter>Заголовочные файлы\bs</Filter>
    </ClInclude>
    <ClInclude Include="kernel\include\bs\setup_plugin_api.h">
      <Filter>Заголовочные файлы\bs</Filter>
    </ClInclude>
    <ClInclude Include="kernel\include\bs\stop_plugin_import.h">
      <Filter>Заголовочные файлы\bs</Filter>
    </ClInclude>
    <ClInclude Include="kernel\include\bs\throw_exception.h">
      <Filter>Заголовочные файлы\bs</Filter>
    </ClInclude>
    <ClInclude Include="kernel\include\bs\type_descriptor.h">
      <Filter>Заголовочные файлы\bs</Filter>
    </ClInclude>
    <ClInclude Include="kernel\include\bs\type_info.h">
      <Filter>Заголовочные файлы\bs</Filter>
    </ClInclude>
    <ClInclude Include="kernel\include\bs\type_macro.h">
      <Filter>Заголовочные файлы\bs</Filter>
    </ClInclude>
    <ClInclude Include="kernel\include\bs\python\common.h">
      <Filter>Заголовочные файлы\bs\python</Filter>
    </ClInclude>
    <ClInclude Include="kernel\include\bs\python\nparray.h">
      <Filter>Заголовочные файлы\bs\python</Filter>
    </ClInclude>
    <ClInclude Include="kernel\include\bs\python\nparray_serialize.h">
      <Filter>Заголовочные файлы\bs\python</Filter>
    </ClInclude>
    <ClInclude Include="kernel\include\bs\compat\array.h">
      <Filter>Заголовочные файлы\bs\compat</Filter>
    </ClInclude>
    <ClInclude Include="kernel\include\bs\compat\array_eigen_traits.h">
      <Filter>Заголовочные файлы\bs\compat</Filter>
    </ClInclude>
    <ClInclude Include="kernel\include\bs\compat\array_serialize.h">
      <Filter>Заголовочные файлы\bs\compat</Filter>
    </ClInclude>
    <ClInclude Include="kernel\include\bs\compat\arrbase.h">
      <Filter>Заголовочные файлы\bs\compat</Filter>
    </ClInclude>
    <ClInclude Include="kernel\include\bs\compat\arrbase_shared.h">
      <Filter>Заголовочные файлы\bs\compat</Filter>
    </ClInclude>
    <ClInclude Include="kernel\include\bs\compat\imessaging.h">
      <Filter>Заголовочные файлы\bs\compat</Filter>
    </ClInclude>
    <ClInclude Include="kernel\include\bs\compat\messaging.h">
      <Filter>Заголовочные файлы\bs\compat</Filter>
    </ClInclude>
    <ClInclude Include="kernel\include\bs\compat\serialize.h">
      <Filter>Заголовочные файлы\bs\compat</Filter>
    </ClInclude>
    <ClInclude Include="kernel\include\bs\compat\vecbase.h">
      <Filter>Заголовочные файлы\bs\compat</Filter>
    </ClInclude>
    <ClInclude Include="kernel\include\bs\compat\vecbase_shared.h">
      <Filter>Заголовочные файлы\bs\compat</Filter>
    </ClInclude>
    <ClInclude Include="kernel\include\bs\compat\serialize\decl.h">
      <Filter>Заголовочные файлы\bs\compat\serialize</Filter>
    </ClInclude>
    <ClInclude Include="kernel\include\bs\compat\serialize\fix.h">
      <Filter>Заголовочные файлы\bs\compat\serialize</Filter>
    </ClInclude>
    <ClInclude Include="kernel\include\bs\compat\serialize\fixcont.h">
      <Filter>Заголовочные файлы\bs\compat\serialize</Filter>
    </ClInclude>
    <ClInclude Include="kernel\include\bs\compat\serialize\fixdata.h">
      <Filter>Заголовочные файлы\bs\compat\serialize</Filter>
    </ClInclude>
    <ClInclude Include="kernel\include\bs\compat\serialize\fixreal.h">
      <Filter>Заголовочные файлы\bs\compat\serialize</Filter>
    </ClInclude>
    <ClInclude Include="kernel\include\bs\compat\serialize\fixstr.h">
      <Filter>Заголовочные файлы\bs\compat\serialize</Filter>
    </ClInclude>
    <ClInclude Include="kernel\include\bs\compat\serialize\macro.h">
      <Filter>Заголовочные файлы\bs\compat\serialize</Filter>
    </ClInclude>
    <ClInclude Include="kernel\include\bs\compat\serialize\text.h">
      <Filter>Заголовочные файлы\bs\compat\serialize</Filter>
    </ClInclude>
    <ClInclude Include="kernel\include\bs\detail\apply.h">
      <Filter>Заголовочные файлы\bs\detail</Filter>
    </ClInclude>
    <ClInclude Include="kernel\include\bs\detail\args.h">
      <Filter>Заголовочные файлы\bs\detail</Filter>
    </ClInclude>
    <ClInclude Include="kernel\include\bs\detail\invoke.h">
      <Filter>Заголовочные файлы\bs\detail</Filter>
    </ClInclude>
    <ClInclude Include="kernel\include\bs\detail\lib_descriptor.h">
      <Filter>Заголовочные файлы\bs\detail</Filter>
    </ClInclude>
    <ClInclude Include="kernel\include\bs\detail\part.h">
      <Filter>Заголовочные файлы\bs\detail</Filter>
    </ClInclude>
    <ClInclude Include="kernel\include\bs\detail\str_utils.h">
      <Filter>Заголовочные файлы\bs\detail</Filter>
    </ClInclude>
    <ClInclude Include="kernel\include\bs\detail\tuple_utils.h">
      <Filter>Заголовочные файлы\bs\detail</Filter>
    </ClInclude>
    <ClInclude Include="kernel\src\kernel_impl.h">
      <Filter>Файлы исходного кода</Filter>
    </ClInclude>
    <ClInclude Include="kernel\src\kernel_instance_subsyst.h">
      <Filter>Файлы исходного кода</Filter>
    </ClInclude>
    <ClInclude Include="kernel\src\kernel_logging_subsyst.h">
      <Filter>Файлы исходного кода</Filter>
    </ClInclude>
    <ClInclude Include="kernel\src\kernel_plugins_discover.h">
      <Filter>Файлы исходного кода</Filter>
    </ClInclude>
    <ClInclude Include="kernel\src\kernel_plugins_subsyst.h">
      <Filter>Файлы исходного кода</Filter>
    </ClInclude>
    <ClInclude Include="kernel\include\bs\detail\typestring.h">
      <Filter>Заголовочные файлы\bs\detail</Filter>
    </ClInclude>
    <ClInclude Include="kernel\include\bs\compat\serialize\fixint.h">
      <Filter>Заголовочные файлы\bs\compat\serialize</Filter>
    </ClInclude>
    <ClInclude Include="kernel\include\bs\detail\enumops.h">
      <Filter>Заголовочные файлы\bs\detail</Filter>
    </ClInclude>
    <ClInclude Include="kernel\include\bs\tree.h">
      <Filter>Заголовочные файлы\bs</Filter>
    </ClInclude>
    <ClInclude Include="kernel\include\bs\python\tree.h">
      <Filter>Заголовочные файлы\bs\python</Filter>
    </ClInclude>
    <ClInclude Include="kernel\src\tree_impl.h">
      <Filter>Файлы исходного кода</Filter>
    </ClInclude>
  </ItemGroup>
  <ItemGroup>
    <ClCompile Include="kernel\src\assert.cpp">
      <Filter>Файлы исходного кода</Filter>
    </ClCompile>
    <ClCompile Include="kernel\src\common.cpp">
      <Filter>Файлы исходного кода</Filter>
    </ClCompile>
    <ClCompile Include="kernel\src\exception.cpp">
      <Filter>Файлы исходного кода</Filter>
    </ClCompile>
    <ClCompile Include="kernel\src\hard_link.cpp">
      <Filter>Файлы исходного кода</Filter>
    </ClCompile>
    <ClCompile Include="kernel\src\kernel.cpp">
      <Filter>Файлы исходного кода</Filter>
    </ClCompile>
    <ClCompile Include="kernel\src\kernel_instance_subsyst.cpp">
      <Filter>Файлы исходного кода</Filter>
    </ClCompile>
    <ClCompile Include="kernel\src\kernel_logging_subsyst.cpp">
      <Filter>Файлы исходного кода</Filter>
    </ClCompile>
    <ClCompile Include="kernel\src\kernel_plugins_subsyst.cpp">
      <Filter>Файлы исходного кода</Filter>
    </ClCompile>
    <ClCompile Include="kernel\src\kernel_ston.cpp">
      <Filter>Файлы исходного кода</Filter>
    </ClCompile>
    <ClCompile Include="kernel\src\kernel_tools.cpp">
      <Filter>Файлы исходного кода</Filter>
    </ClCompile>
    <ClCompile Include="kernel\src\kernel_types_factory.cpp">
      <Filter>Файлы исходного кода</Filter>
    </ClCompile>
    <ClCompile Include="kernel\src\lib_descriptor.cpp">
      <Filter>Файлы исходного кода</Filter>
    </ClCompile>
    <ClCompile Include="kernel\src\link.cpp">
      <Filter>Файлы исходного кода</Filter>
    </ClCompile>
    <ClCompile Include="kernel\src\log.cpp">
      <Filter>Файлы исходного кода</Filter>
    </ClCompile>
    <ClCompile Include="kernel\src\main.cpp">
      <Filter>Файлы исходного кода</Filter>
    </ClCompile>
    <ClCompile Include="kernel\src\misc.cpp">
      <Filter>Файлы исходного кода</Filter>
    </ClCompile>
    <ClCompile Include="kernel\src\node.cpp">
      <Filter>Файлы исходного кода</Filter>
    </ClCompile>
    <ClCompile Include="kernel\src\objbase.cpp">
      <Filter>Файлы исходного кода</Filter>
    </ClCompile>
    <ClCompile Include="kernel\src\plugin_descriptor.cpp">
      <Filter>Файлы исходного кода</Filter>
    </ClCompile>
    <ClCompile Include="kernel\src\str_utils.cpp">
      <Filter>Файлы исходного кода</Filter>
    </ClCompile>
    <ClCompile Include="kernel\src\type_info.cpp">
      <Filter>Файлы исходного кода</Filter>
    </ClCompile>
    <ClCompile Include="kernel\src\compat\array.cpp">
      <Filter>Файлы исходного кода\compat</Filter>
    </ClCompile>
    <ClCompile Include="kernel\src\compat\array_serialize.cpp">
      <Filter>Файлы исходного кода\compat</Filter>
    </ClCompile>
    <ClCompile Include="kernel\src\compat\messaging.cpp">
      <Filter>Файлы исходного кода\compat</Filter>
    </ClCompile>
    <ClCompile Include="kernel\src\python\py_array.cpp">
      <Filter>Файлы исходного кода\python</Filter>
    </ClCompile>
    <ClCompile Include="kernel\src\python\py_common.cpp">
      <Filter>Файлы исходного кода\python</Filter>
    </ClCompile>
    <ClCompile Include="kernel\src\python\py_main.cpp">
      <Filter>Файлы исходного кода\python</Filter>
    </ClCompile>
    <ClCompile Include="kernel\src\python\py_messaging.cpp">
      <Filter>Файлы исходного кода\python</Filter>
    </ClCompile>
    <ClCompile Include="kernel\src\python\py_misc.cpp">
      <Filter>Файлы исходного кода\python</Filter>
    </ClCompile>
    <ClCompile Include="kernel\src\python\py_objbase.cpp">
      <Filter>Файлы исходного кода\python</Filter>
    </ClCompile>
    <ClCompile Include="kernel\src\python\py_kernel.cpp">
      <Filter>Файлы исходного кода\python</Filter>
    </ClCompile>
    <ClCompile Include="kernel\src\python\py_tree.cpp">
      <Filter>Файлы исходного кода\python</Filter>
    </ClCompile>
    <ClCompile Include="kernel\src\tree.cpp">
      <Filter>Файлы исходного кода</Filter>
    </ClCompile>
    <ClCompile Include="kernel\src\sym_link.cpp">
      <Filter>Файлы исходного кода</Filter>
    </ClCompile>
  </ItemGroup>
</Project>