<?xml version="1.0" encoding="utf-8"?>
<Project ToolsVersion="4.0" xmlns="http://schemas.microsoft.com/developer/msbuild/2003">
  <ItemGroup>
    <Filter Include="Файлы исходного кода">
      <UniqueIdentifier>{4FC737F1-C7A5-4376-A066-2A32D752A2FF}</UniqueIdentifier>
      <Extensions>cpp;c;cc;cxx;def;odl;idl;hpj;bat;asm;asmx</Extensions>
    </Filter>
    <Filter Include="Заголовочные файлы">
      <UniqueIdentifier>{93995380-89BD-4b04-88EB-625FBE52EBFB}</UniqueIdentifier>
      <Extensions>h;hh;hpp;hxx;hm;inl;inc;xsd</Extensions>
    </Filter>
    <Filter Include="Файлы ресурсов">
      <UniqueIdentifier>{67DA6AB6-F800-4c08-8B7A-83BB121AAD01}</UniqueIdentifier>
      <Extensions>rc;ico;cur;bmp;dlg;rc2;rct;bin;rgs;gif;jpg;jpeg;jpe;resx;tiff;tif;png;wav;mfcribbon-ms</Extensions>
    </Filter>
    <Filter Include="Заголовочные файлы\bs">
      <UniqueIdentifier>{fe4c34e2-aba7-4762-9861-d6b9b8d654ec}</UniqueIdentifier>
    </Filter>
    <Filter Include="Заголовочные файлы\bs\compat">
      <UniqueIdentifier>{11c4f115-a182-4b2a-a093-cbe65425d736}</UniqueIdentifier>
    </Filter>
    <Filter Include="Заголовочные файлы\bs\compat\serialize">
      <UniqueIdentifier>{2840e1ec-9d7f-4fdf-998b-83d8ac1b3492}</UniqueIdentifier>
    </Filter>
    <Filter Include="Заголовочные файлы\bs\detail">
      <UniqueIdentifier>{b3c4814c-7b81-4be3-ae59-7bf4e0df2190}</UniqueIdentifier>
    </Filter>
    <Filter Include="Файлы исходного кода\compat">
      <UniqueIdentifier>{4b755a68-dcd6-4403-8ded-cd0e3aca3d5d}</UniqueIdentifier>
    </Filter>
    <Filter Include="Заголовочные файлы\bs\serialize">
      <UniqueIdentifier>{6d69b453-13f4-46d5-8a0f-8eb605a39c1c}</UniqueIdentifier>
    </Filter>
    <Filter Include="Файлы исходного кода\serialize">
      <UniqueIdentifier>{e097f292-fa53-46f5-a650-5a85a6ab3328}</UniqueIdentifier>
    </Filter>
    <Filter Include="Заголовочные файлы\bs\tree">
      <UniqueIdentifier>{cd100026-2f11-436b-8532-34e80a4b0dce}</UniqueIdentifier>
    </Filter>
    <Filter Include="Файлы исходного кода\tree">
      <UniqueIdentifier>{6c49f307-f2b9-47dd-ab38-27f873073ac4}</UniqueIdentifier>
    </Filter>
    <Filter Include="Заголовочные файлы\bs\kernel">
      <UniqueIdentifier>{bc664d09-b9f4-46d9-a0b6-5962ba4a22c8}</UniqueIdentifier>
    </Filter>
    <Filter Include="Файлы исходного кода\kernel">
      <UniqueIdentifier>{84a84146-698b-4c12-9304-3025a424c9a3}</UniqueIdentifier>
    </Filter>
  </ItemGroup>
  <ItemGroup>
    <ClInclude Include="kernel\include\bs\any_array.h">
      <Filter>Заголовочные файлы\bs</Filter>
    </ClInclude>
    <ClInclude Include="kernel\include\bs\assert.h">
      <Filter>Заголовочные файлы\bs</Filter>
    </ClInclude>
    <ClInclude Include="kernel\include\bs\bs.h">
      <Filter>Заголовочные файлы\bs</Filter>
    </ClInclude>
    <ClInclude Include="kernel\include\bs\common.h">
      <Filter>Заголовочные файлы\bs</Filter>
    </ClInclude>
    <ClInclude Include="kernel\include\bs\force_plugin_import.h">
      <Filter>Заголовочные файлы\bs</Filter>
    </ClInclude>
    <ClInclude Include="kernel\include\bs\fwd.h">
      <Filter>Заголовочные файлы\bs</Filter>
    </ClInclude>
    <ClInclude Include="kernel\include\bs\log.h">
      <Filter>Заголовочные файлы\bs</Filter>
    </ClInclude>
    <ClInclude Include="kernel\include\bs\misc.h">
      <Filter>Заголовочные файлы\bs</Filter>
    </ClInclude>
    <ClInclude Include="kernel\include\bs\objbase.h">
      <Filter>Заголовочные файлы\bs</Filter>
    </ClInclude>
    <ClInclude Include="kernel\include\bs\objbase_macro.h">
      <Filter>Заголовочные файлы\bs</Filter>
    </ClInclude>
    <ClInclude Include="kernel\include\bs\plugin_descriptor.h">
      <Filter>Заголовочные файлы\bs</Filter>
    </ClInclude>
    <ClInclude Include="kernel\include\bs\setup_common_api.h">
      <Filter>Заголовочные файлы\bs</Filter>
    </ClInclude>
    <ClInclude Include="kernel\include\bs\setup_plugin_api.h">
      <Filter>Заголовочные файлы\bs</Filter>
    </ClInclude>
    <ClInclude Include="kernel\include\bs\stop_plugin_import.h">
      <Filter>Заголовочные файлы\bs</Filter>
    </ClInclude>
    <ClInclude Include="kernel\include\bs\throw_exception.h">
      <Filter>Заголовочные файлы\bs</Filter>
    </ClInclude>
    <ClInclude Include="kernel\include\bs\type_descriptor.h">
      <Filter>Заголовочные файлы\bs</Filter>
    </ClInclude>
    <ClInclude Include="kernel\include\bs\type_info.h">
      <Filter>Заголовочные файлы\bs</Filter>
    </ClInclude>
    <ClInclude Include="kernel\include\bs\type_macro.h">
      <Filter>Заголовочные файлы\bs</Filter>
    </ClInclude>
    <ClInclude Include="kernel\include\bs\compat\array.h">
      <Filter>Заголовочные файлы\bs\compat</Filter>
    </ClInclude>
    <ClInclude Include="kernel\include\bs\compat\array_eigen_traits.h">
      <Filter>Заголовочные файлы\bs\compat</Filter>
    </ClInclude>
    <ClInclude Include="kernel\include\bs\compat\array_serialize.h">
      <Filter>Заголовочные файлы\bs\compat</Filter>
    </ClInclude>
    <ClInclude Include="kernel\include\bs\compat\arrbase.h">
      <Filter>Заголовочные файлы\bs\compat</Filter>
    </ClInclude>
    <ClInclude Include="kernel\include\bs\compat\arrbase_shared.h">
      <Filter>Заголовочные файлы\bs\compat</Filter>
    </ClInclude>
    <ClInclude Include="kernel\include\bs\compat\imessaging.h">
      <Filter>Заголовочные файлы\bs\compat</Filter>
    </ClInclude>
    <ClInclude Include="kernel\include\bs\compat\messaging.h">
      <Filter>Заголовочные файлы\bs\compat</Filter>
    </ClInclude>
    <ClInclude Include="kernel\include\bs\compat\serialize.h">
      <Filter>Заголовочные файлы\bs\compat</Filter>
    </ClInclude>
    <ClInclude Include="kernel\include\bs\compat\vecbase.h">
      <Filter>Заголовочные файлы\bs\compat</Filter>
    </ClInclude>
    <ClInclude Include="kernel\include\bs\compat\vecbase_shared.h">
      <Filter>Заголовочные файлы\bs\compat</Filter>
    </ClInclude>
    <ClInclude Include="kernel\include\bs\compat\serialize\decl.h">
      <Filter>Заголовочные файлы\bs\compat\serialize</Filter>
    </ClInclude>
    <ClInclude Include="kernel\include\bs\compat\serialize\fix.h">
      <Filter>Заголовочные файлы\bs\compat\serialize</Filter>
    </ClInclude>
    <ClInclude Include="kernel\include\bs\compat\serialize\fixcont.h">
      <Filter>Заголовочные файлы\bs\compat\serialize</Filter>
    </ClInclude>
    <ClInclude Include="kernel\include\bs\compat\serialize\fixdata.h">
      <Filter>Заголовочные файлы\bs\compat\serialize</Filter>
    </ClInclude>
    <ClInclude Include="kernel\include\bs\compat\serialize\fixreal.h">
      <Filter>Заголовочные файлы\bs\compat\serialize</Filter>
    </ClInclude>
    <ClInclude Include="kernel\include\bs\compat\serialize\fixstr.h">
      <Filter>Заголовочные файлы\bs\compat\serialize</Filter>
    </ClInclude>
    <ClInclude Include="kernel\include\bs\compat\serialize\macro.h">
      <Filter>Заголовочные файлы\bs\compat\serialize</Filter>
    </ClInclude>
    <ClInclude Include="kernel\include\bs\compat\serialize\text.h">
      <Filter>Заголовочные файлы\bs\compat\serialize</Filter>
    </ClInclude>
    <ClInclude Include="kernel\include\bs\error.h">
      <Filter>Заголовочные файлы\bs</Filter>
    </ClInclude>
    <ClInclude Include="kernel\include\bs\serialize\array.h">
      <Filter>Заголовочные файлы\bs\serialize</Filter>
    </ClInclude>
    <ClInclude Include="kernel\include\bs\serialize\atomizer.h">
      <Filter>Заголовочные файлы\bs\serialize</Filter>
    </ClInclude>
    <ClInclude Include="kernel\include\bs\serialize\base_types.h">
      <Filter>Заголовочные файлы\bs\serialize</Filter>
    </ClInclude>
    <ClInclude Include="kernel\include\bs\serialize\boost_uuid.h">
      <Filter>Заголовочные файлы\bs\serialize</Filter>
    </ClInclude>
    <ClInclude Include="kernel\include\bs\serialize\carray.h">
      <Filter>Заголовочные файлы\bs\serialize</Filter>
    </ClInclude>
    <ClInclude Include="kernel\include\bs\serialize\macro.h">
      <Filter>Заголовочные файлы\bs\serialize</Filter>
    </ClInclude>
    <ClInclude Include="kernel\include\bs\serialize\tree.h">
      <Filter>Заголовочные файлы\bs\serialize</Filter>
    </ClInclude>
    <ClInclude Include="kernel\include\bs\tree\link.h">
      <Filter>Заголовочные файлы\bs\tree</Filter>
    </ClInclude>
    <ClInclude Include="kernel\include\bs\tree\node.h">
      <Filter>Заголовочные файлы\bs\tree</Filter>
    </ClInclude>
    <ClInclude Include="kernel\include\bs\tree\tree.h">
      <Filter>Заголовочные файлы\bs\tree</Filter>
    </ClInclude>
    <ClInclude Include="kernel\src\tree\node_impl.h">
      <Filter>Файлы исходного кода\tree</Filter>
    </ClInclude>
    <ClInclude Include="kernel\src\tree\tree_impl.h">
      <Filter>Файлы исходного кода\tree</Filter>
    </ClInclude>
    <ClInclude Include="kernel\include\bs\tree\fusion.h">
      <Filter>Заголовочные файлы\bs\tree</Filter>
    </ClInclude>
    <ClInclude Include="kernel\include\bs\atoms.h">
      <Filter>Заголовочные файлы\bs</Filter>
    </ClInclude>
    <ClInclude Include="kernel\src\tree\fusion_link_impl.h">
      <Filter>Файлы исходного кода\tree</Filter>
    </ClInclude>
    <ClInclude Include="kernel\src\tree\link_impl.h">
      <Filter>Файлы исходного кода\tree</Filter>
    </ClInclude>
    <ClInclude Include="kernel\include\bs\serialize\cafbind.h">
      <Filter>Заголовочные файлы\bs\serialize</Filter>
    </ClInclude>
    <ClInclude Include="kernel\include\bs\serialize\serialize.h">
      <Filter>Заголовочные файлы\bs\serialize</Filter>
    </ClInclude>
    <ClInclude Include="kernel\include\bs\kernel\config.h">
      <Filter>Заголовочные файлы\bs\kernel</Filter>
    </ClInclude>
    <ClInclude Include="kernel\include\bs\kernel\errors.h">
      <Filter>Заголовочные файлы\bs\kernel</Filter>
    </ClInclude>
    <ClInclude Include="kernel\include\bs\kernel\kernel.h">
      <Filter>Заголовочные файлы\bs\kernel</Filter>
    </ClInclude>
    <ClInclude Include="kernel\include\bs\kernel\misc.h">
      <Filter>Заголовочные файлы\bs\kernel</Filter>
    </ClInclude>
    <ClInclude Include="kernel\include\bs\kernel\plugins.h">
      <Filter>Заголовочные файлы\bs\kernel</Filter>
    </ClInclude>
    <ClInclude Include="kernel\include\bs\kernel\tools.h">
      <Filter>Заголовочные файлы\bs\kernel</Filter>
    </ClInclude>
    <ClInclude Include="kernel\include\bs\kernel\type_tuple.h">
      <Filter>Заголовочные файлы\bs\kernel</Filter>
    </ClInclude>
    <ClInclude Include="kernel\include\bs\kernel\types_factory.h">
      <Filter>Заголовочные файлы\bs\kernel</Filter>
    </ClInclude>
    <ClInclude Include="kernel\src\kernel\backtrace_tools_unix.h">
      <Filter>Файлы исходного кода\kernel</Filter>
    </ClInclude>
    <ClInclude Include="kernel\src\kernel\backtrace_tools_win.h">
      <Filter>Файлы исходного кода\kernel</Filter>
    </ClInclude>
    <ClInclude Include="kernel\src\kernel\config_subsyst.h">
      <Filter>Файлы исходного кода\kernel</Filter>
    </ClInclude>
    <ClInclude Include="kernel\src\kernel\instance_subsyst.h">
      <Filter>Файлы исходного кода\kernel</Filter>
    </ClInclude>
    <ClInclude Include="kernel\src\kernel\kimpl.h">
      <Filter>Файлы исходного кода\kernel</Filter>
    </ClInclude>
    <ClInclude Include="kernel\src\kernel\logging_subsyst.h">
      <Filter>Файлы исходного кода\kernel</Filter>
    </ClInclude>
    <ClInclude Include="kernel\src\kernel\plugins_subsyst.h">
      <Filter>Файлы исходного кода\kernel</Filter>
    </ClInclude>
    <ClInclude Include="kernel\include\bs\detail\apply.h">
      <Filter>Заголовочные файлы\bs\detail</Filter>
    </ClInclude>
    <ClInclude Include="kernel\include\bs\detail\args.h">
      <Filter>Заголовочные файлы\bs\detail</Filter>
    </ClInclude>
    <ClInclude Include="kernel\include\bs\detail\async_api_mixin.h">
      <Filter>Заголовочные файлы\bs\detail</Filter>
    </ClInclude>
    <ClInclude Include="kernel\include\bs\detail\enumops.h">
      <Filter>Заголовочные файлы\bs\detail</Filter>
    </ClInclude>
    <ClInclude Include="kernel\include\bs\detail\is_container.h">
      <Filter>Заголовочные файлы\bs\detail</Filter>
    </ClInclude>
    <ClInclude Include="kernel\include\bs\detail\lib_descriptor.h">
      <Filter>Заголовочные файлы\bs\detail</Filter>
    </ClInclude>
    <ClInclude Include="kernel\include\bs\detail\part.h">
      <Filter>Заголовочные файлы\bs\detail</Filter>
    </ClInclude>
    <ClInclude Include="kernel\include\bs\detail\scope_guard.h">
      <Filter>Заголовочные файлы\bs\detail</Filter>
    </ClInclude>
    <ClInclude Include="kernel\include\bs\detail\str_utils.h">
      <Filter>Заголовочные файлы\bs\detail</Filter>
    </ClInclude>
    <ClInclude Include="kernel\include\bs\detail\tuple_utils.h">
      <Filter>Заголовочные файлы\bs\detail</Filter>
    </ClInclude>
    <ClInclude Include="kernel\include\bs\detail\typestring.h">
      <Filter>Заголовочные файлы\bs\detail</Filter>
    </ClInclude>
    <ClInclude Include="kernel\include\bs\propdict.h">
      <Filter>Заголовочные файлы\bs</Filter>
    </ClInclude>
    <ClInclude Include="kernel\include\bs\property.h">
      <Filter>Заголовочные файлы\bs</Filter>
    </ClInclude>
    <ClInclude Include="kernel\include\bs\timetypes.h">
      <Filter>Заголовочные файлы\bs</Filter>
    </ClInclude>
    <ClInclude Include="kernel\include\bs\detail\function_view.h">
      <Filter>Заголовочные файлы\bs\detail</Filter>
    </ClInclude>
  </ItemGroup>
  <ItemGroup>
    <ClCompile Include="kernel\src\assert.cpp">
      <Filter>Файлы исходного кода</Filter>
    </ClCompile>
    <ClCompile Include="kernel\src\common.cpp">
      <Filter>Файлы исходного кода</Filter>
    </ClCompile>
    <ClCompile Include="kernel\src\hard_link.cpp">
      <Filter>Файлы исходного кода</Filter>
    </ClCompile>
    <ClCompile Include="kernel\src\lib_descriptor.cpp">
      <Filter>Файлы исходного кода</Filter>
    </ClCompile>
    <ClCompile Include="kernel\src\log.cpp">
      <Filter>Файлы исходного кода</Filter>
    </ClCompile>
    <ClCompile Include="kernel\src\main.cpp">
      <Filter>Файлы исходного кода</Filter>
    </ClCompile>
    <ClCompile Include="kernel\src\misc.cpp">
      <Filter>Файлы исходного кода</Filter>
    </ClCompile>
    <ClCompile Include="kernel\src\objbase.cpp">
      <Filter>Файлы исходного кода</Filter>
    </ClCompile>
    <ClCompile Include="kernel\src\plugin_descriptor.cpp">
      <Filter>Файлы исходного кода</Filter>
    </ClCompile>
    <ClCompile Include="kernel\src\str_utils.cpp">
      <Filter>Файлы исходного кода</Filter>
    </ClCompile>
    <ClCompile Include="kernel\src\type_info.cpp">
      <Filter>Файлы исходного кода</Filter>
    </ClCompile>
    <ClCompile Include="kernel\src\compat\array.cpp">
      <Filter>Файлы исходного кода\compat</Filter>
    </ClCompile>
    <ClCompile Include="kernel\src\compat\array_serialize.cpp">
      <Filter>Файлы исходного кода\compat</Filter>
    </ClCompile>
    <ClCompile Include="kernel\src\compat\messaging.cpp">
      <Filter>Файлы исходного кода\compat</Filter>
    </ClCompile>
    <ClCompile Include="kernel\src\error.cpp">
      <Filter>Файлы исходного кода</Filter>
    </ClCompile>
    <ClCompile Include="kernel\src\serialize\array.cpp">
      <Filter>Файлы исходного кода\serialize</Filter>
    </ClCompile>
    <ClCompile Include="kernel\src\serialize\base_types.cpp">
      <Filter>Файлы исходного кода\serialize</Filter>
    </ClCompile>
    <ClCompile Include="kernel\src\serialize\link.cpp">
      <Filter>Файлы исходного кода\serialize</Filter>
    </ClCompile>
    <ClCompile Include="kernel\src\tree\hard_link.cpp">
      <Filter>Файлы исходного кода\tree</Filter>
    </ClCompile>
    <ClCompile Include="kernel\src\tree\link.cpp">
      <Filter>Файлы исходного кода\tree</Filter>
    </ClCompile>
    <ClCompile Include="kernel\src\tree\node.cpp">
      <Filter>Файлы исходного кода\tree</Filter>
    </ClCompile>
    <ClCompile Include="kernel\src\tree\sym_link.cpp">
      <Filter>Файлы исходного кода\tree</Filter>
    </ClCompile>
    <ClCompile Include="kernel\src\tree\tree.cpp">
      <Filter>Файлы исходного кода\tree</Filter>
    </ClCompile>
    <ClCompile Include="kernel\src\serialize\tree.cpp">
      <Filter>Файлы исходного кода\serialize</Filter>
    </ClCompile>
    <ClCompile Include="kernel\src\tree\fusion_link.cpp">
      <Filter>Файлы исходного кода\tree</Filter>
    </ClCompile>
    <ClCompile Include="kernel\src\tree\tree_async.cpp">
      <Filter>Файлы исходного кода\tree</Filter>
    </ClCompile>
    <ClCompile Include="kernel\src\kernel\config.cpp">
      <Filter>Файлы исходного кода\kernel</Filter>
    </ClCompile>
    <ClCompile Include="kernel\src\kernel\config_subsyst.cpp">
      <Filter>Файлы исходного кода\kernel</Filter>
    </ClCompile>
    <ClCompile Include="kernel\src\kernel\errors.cpp">
      <Filter>Файлы исходного кода\kernel</Filter>
    </ClCompile>
    <ClCompile Include="kernel\src\kernel\instance_subsyst.cpp">
      <Filter>Файлы исходного кода\kernel</Filter>
    </ClCompile>
    <ClCompile Include="kernel\src\kernel\kimpl.cpp">
      <Filter>Файлы исходного кода\kernel</Filter>
    </ClCompile>
    <ClCompile Include="kernel\src\kernel\logging_subsyst.cpp">
      <Filter>Файлы исходного кода\kernel</Filter>
    </ClCompile>
    <ClCompile Include="kernel\src\kernel\misc.cpp">
      <Filter>Файлы исходного кода\kernel</Filter>
    </ClCompile>
    <ClCompile Include="kernel\src\kernel\plugins.cpp">
      <Filter>Файлы исходного кода\kernel</Filter>
    </ClCompile>
    <ClCompile Include="kernel\src\kernel\plugins_discover.cpp">
      <Filter>Файлы исходного кода\kernel</Filter>
    </ClCompile>
    <ClCompile Include="kernel\src\kernel\plugins_subsyst.cpp">
      <Filter>Файлы исходного кода\kernel</Filter>
    </ClCompile>
    <ClCompile Include="kernel\src\kernel\tools.cpp">
      <Filter>Файлы исходного кода\kernel</Filter>
    </ClCompile>
    <ClCompile Include="kernel\src\kernel\types_factory.cpp">
      <Filter>Файлы исходного кода\kernel</Filter>
    </ClCompile>
    <ClCompile Include="kernel\src\kernel\types_factory_subsyst.cpp">
      <Filter>Файлы исходного кода\kernel</Filter>
    </ClCompile>
    <ClCompile Include="kernel\src\propdict.cpp">
      <Filter>Файлы исходного кода</Filter>
    </ClCompile>
    <ClCompile Include="kernel\src\property.cpp">
      <Filter>Файлы исходного кода</Filter>
    </ClCompile>
    <ClCompile Include="kernel\src\timetypes.cpp">
      <Filter>Файлы исходного кода</Filter>
    </ClCompile>
  </ItemGroup>
</Project>