<?xml version="1.0" encoding="UTF-8" standalone="yes" ?>
<CodeBlocks_project_file>
	<FileVersion major="1" minor="6" />
	<Project>
		<Option title="bs_cube" />
		<Option pch_mode="2" />
		<Option compiler="msvc8" />
		<Build>
			<Target title="Debug Win32">
				<Option platforms="Windows;" />
				<Option output="../../exe/debug/plugins/bs_cube_d" prefix_auto="1" extension_auto="1" />
				<Option object_output="build/Debug Win32" />
				<Option type="3" />
				<Option compiler="msvc8" />
				<Option createDefFile="1" />
				<Option createStaticLib="1" />
				<Compiler>
					<Add option="/D_DEBUG" />
					<Add option="/DBS_EXPORTING_PLUGIN" />
					<Add option="/W3" />
					<Add option="/ZI" />
					<Add option="/Od" />
					<Add option="/MDd" />
					<Add directory="$(LOKI_PATH)/include" />
					<Add directory="$(BOOST_PATH)" />
					<Add directory="../../kernel/src" />
				</Compiler>
				<ResourceCompiler>
					<Add directory="$(LOKI_PATH)/include" />
					<Add directory="$(BOOST_PATH)" />
					<Add directory="../../kernel/src" />
				</ResourceCompiler>
				<Linker>
					<Add library="blue-sky_d" />
					<Add library="loki_D" />
					<Add directory="$(LOKI_PATH)/lib" />
					<Add directory="$(BOOST_PATH)/lib" />
					<Add directory="../../exe/debug/" />
				</Linker>
			</Target>
			<Target title="Release Win32">
				<Option platforms="Windows;" />
				<Option output="../../exe/release/plugins/bs_cube" prefix_auto="1" extension_auto="1" />
				<Option object_output="build/Release Win32" />
				<Option type="3" />
				<Option compiler="msvc8" />
				<Option createDefFile="1" />
				<Option createStaticLib="1" />
				<Compiler>
					<Add option="/DBS_EXPORTING_PLUGIN" />
					<Add option="/W3" />
					<Add option="/MD" />
					<Add directory="$(LOKI_PATH)/include" />
					<Add directory="$(BOOST_PATH)" />
					<Add directory="../../kernel/src" />
				</Compiler>
				<ResourceCompiler>
					<Add directory="$(LOKI_PATH)/include" />
					<Add directory="$(BOOST_PATH)" />
					<Add directory="../../kernel/src" />
				</ResourceCompiler>
				<Linker>
					<Add option="/INCREMENTAL:NO" />
					<Add library="blue-sky" />
					<Add library="loki" />
					<Add directory="$(LOKI_PATH)/lib" />
					<Add directory="$(BOOST_PATH)/lib" />
					<Add directory="../../exe/release/" />
				</Linker>
			</Target>
			<Target title="release_with_debug Win32">
				<Option platforms="Windows;" />
				<Option output="../../exe/release/plugins/bs_cube" prefix_auto="1" extension_auto="1" />
				<Option object_output="release_with_debug Win32" />
				<Option type="3" />
				<Option compiler="msvc8" />
				<Option createDefFile="1" />
				<Option createStaticLib="1" />
				<Compiler>
					<Add option="/DBS_EXPORTING_PLUGIN" />
					<Add option="/W3" />
					<Add option="/Zi" />
					<Add option="/MD" />
					<Add directory="$(LOKI_PATH)/include" />
					<Add directory="$(BOOST_PATH)" />
					<Add directory="../../kernel/src" />
				</Compiler>
				<ResourceCompiler>
					<Add directory="$(LOKI_PATH)/include" />
					<Add directory="$(BOOST_PATH)" />
					<Add directory="../../kernel/src" />
				</ResourceCompiler>
				<Linker>
					<Add option="/INCREMENTAL:NO" />
					<Add library="blue-sky" />
					<Add library="loki" />
					<Add directory="$(LOKI_PATH)/lib" />
					<Add directory="$(BOOST_PATH)/lib" />
					<Add directory="../../exe/release/" />
				</Linker>
			</Target>
			<Target title="debug_lin">
				<Option platforms="Unix;" />
				<Option output="../../exe/debug/plugins/libbs_cube_d" prefix_auto="1" extension_auto="1" />
				<Option object_output="build/Debug" />
				<Option type="3" />
				<Option compiler="gcc" />
				<Option createDefFile="1" />
				<Option createStaticLib="1" />
				<Compiler>
					<Add option="-O0" />
					<Add option="-ggdb3" />
					<Add option="-fPIC" />
					<Add option="-fvisibility=hidden" />
					<Add option="-fvisibility-inlines-hidden" />
					<Add option="-pthread" />
					<Add option="-DUNIX" />
					<Add option="-D_DEBUG" />
					<Add option="-DBS_EXPORTING_PLUGIN" />
					<Add directory="../../kernel/src" />
					<Add directory="../../kernel/src/python" />
				</Compiler>
				<ResourceCompiler>
					<Add directory="../../kernel/src" />
				</ResourceCompiler>
				<Linker>
					<Add library="blue_sky_d" />
					<Add library="loki" />
					<Add directory="../../exe/debug/" />
				</Linker>
			</Target>
			<Target title="release_lin">
				<Option platforms="Unix;" />
				<Option output="../../exe/release/plugins/libbs_cube" prefix_auto="1" extension_auto="1" />
				<Option object_output="build/Release" />
				<Option type="3" />
				<Option compiler="gcc" />
				<Option createDefFile="1" />
				<Option createStaticLib="1" />
				<Compiler>
					<Add option="-O2" />
					<Add option="-fPIC" />
					<Add option="-fvisibility=hidden" />
					<Add option="-fvisibility-inlines-hidden" />
					<Add option="-pthread" />
					<Add option="-DUNIX" />
					<Add option="-DBS_EXPORTING_PLUGIN" />
					<Add directory="../../kernel/src" />
					<Add directory="../../kernel/src/python" />
				</Compiler>
				<ResourceCompiler>
					<Add directory="../../kernel/src" />
				</ResourceCompiler>
				<Linker>
					<Add library="blue_sky" />
					<Add library="loki" />
					<Add directory="../../exe/release/" />
				</Linker>
			</Target>
			<Target title="debug_lin_py">
				<Option platforms="Unix;" />
				<Option output="../../exe/debug/plugins/libbs_cube_d" prefix_auto="1" extension_auto="1" />
				<Option object_output="build/Debug" />
				<Option type="3" />
				<Option compiler="gcc" />
				<Option createDefFile="1" />
				<Option createStaticLib="1" />
				<Compiler>
					<Add option="-O0" />
					<Add option="-ggdb3" />
					<Add option="-fPIC" />
					<Add option="-fvisibility=hidden" />
					<Add option="-fvisibility-inlines-hidden" />
					<Add option="-pthread" />
					<Add option="-DUNIX" />
					<Add option="-D_DEBUG" />
					<Add option="-DBS_EXPORTING_PLUGIN" />
					<Add option="-DBSPY_EXPORTING_PLUGIN" />
					<Add directory="../../kernel/src" />
					<Add directory="../../kernel/src/python" />
				</Compiler>
				<ResourceCompiler>
					<Add directory="../../kernel/src" />
				</ResourceCompiler>
				<Linker>
					<Add library="blue_sky_d" />
					<Add library="loki" />
					<Add directory="../../exe/debug/" />
				</Linker>
			</Target>
			<Target title="release_lin_py">
				<Option platforms="Unix;" />
				<Option output="../../exe/release/plugins/libbs_cube" prefix_auto="1" extension_auto="1" />
				<Option object_output="build/Release" />
				<Option type="3" />
				<Option compiler="gcc" />
				<Option createDefFile="1" />
				<Option createStaticLib="1" />
				<Compiler>
					<Add option="-O2" />
					<Add option="-fPIC" />
					<Add option="-fvisibility=hidden" />
					<Add option="-fvisibility-inlines-hidden" />
					<Add option="-pthread" />
					<Add option="-DUNIX" />
					<Add option="-DBS_EXPORTING_PLUGIN" />
					<Add option="-DBSPY_EXPORTING_PLUGIN" />
					<Add directory="../../kernel/src" />
					<Add directory="../../kernel/src/python" />
				</Compiler>
				<ResourceCompiler>
					<Add directory="../../kernel/src" />
				</ResourceCompiler>
				<Linker>
					<Add library="blue_sky" />
					<Add library="loki" />
					<Add directory="../../exe/release/" />
				</Linker>
			</Target>
		</Build>
		<Unit filename="src/bs_cube.cpp" />
		<Unit filename="src/bs_cube.h" />
		<Unit filename="src/bs_cube_t.cpp" />
		<Unit filename="src/bs_cube_t.h" />
		<Unit filename="src/main.cpp" />
		<Extensions>
			<code_completion />
			<envvars />
			<debugger />
		</Extensions>
	</Project>
</CodeBlocks_project_file>
